{
  "name": "auth",
  "version": "0.0.0",
  "lockfileVersion": 1,
  "requires": true,
  "dependencies": {
    "@angular/common": {
      "version": "2.0.0-rc.4",
      "resolved": "https://registry.npmjs.org/@angular/common/-/common-2.0.0-rc.4.tgz",
      "integrity": "sha1-w7CofNHjFr4qlAu4AxngVYmPieY="
    },
    "@angular/compiler": {
      "version": "2.0.0-rc.4",
      "resolved": "https://registry.npmjs.org/@angular/compiler/-/compiler-2.0.0-rc.4.tgz",
      "integrity": "sha1-HLggKLjtcyAJz0yC28fzOF3KNoQ="
    },
    "@angular/core": {
      "version": "2.0.0-rc.4",
      "resolved": "https://registry.npmjs.org/@angular/core/-/core-2.0.0-rc.4.tgz",
      "integrity": "sha1-8/mPkG/PDLh9LH1/IwypXqgctuA="
    },
    "@angular/forms": {
      "version": "0.2.0",
      "resolved": "https://registry.npmjs.org/@angular/forms/-/forms-0.2.0.tgz",
      "integrity": "sha1-/F1B8WufVhyzIiVWJkKARffRTPk="
    },
    "@angular/http": {
      "version": "2.0.0-rc.4",
      "resolved": "https://registry.npmjs.org/@angular/http/-/http-2.0.0-rc.4.tgz",
      "integrity": "sha1-j5Ks0sX4IPiQ83dX2abDx8nYa40="
    },
    "@angular/platform-browser": {
      "version": "2.0.0-rc.4",
      "resolved": "https://registry.npmjs.org/@angular/platform-browser/-/platform-browser-2.0.0-rc.4.tgz",
      "integrity": "sha1-UZ6QV7XMc/D2FcVNRaHBhZVt99E="
    },
    "@angular/platform-browser-dynamic": {
      "version": "2.0.0-rc.4",
      "resolved": "https://registry.npmjs.org/@angular/platform-browser-dynamic/-/platform-browser-dynamic-2.0.0-rc.4.tgz",
      "integrity": "sha1-hlPTEBjFTGWm2Ihkuwr40CRpF4g="
    },
    "@angular/router": {
      "version": "3.0.0-beta.2",
      "resolved": "https://registry.npmjs.org/@angular/router/-/router-3.0.0-beta.2.tgz",
      "integrity": "sha1-maQrirp8tOK+TN5QjV99U/BxUCU="
    },
    "es6-shim": {
      "version": "0.35.1",
      "resolved": "https://registry.npmjs.org/es6-shim/-/es6-shim-0.35.1.tgz",
      "integrity": "sha1-ojUkAJAFsDGrSjUqwZbf39EUSrc="
    },
    "reflect-metadata": {
      "version": "0.1.3",
      "resolved": "https://registry.npmjs.org/reflect-metadata/-/reflect-metadata-0.1.3.tgz",
      "integrity": "sha1-ZPikGXTk9aWqmXjaxUz9RC3C8dU="
    },
    "rxjs": {
      "version": "5.0.0-beta.6",
      "resolved": "https://registry.npmjs.org/rxjs/-/rxjs-5.0.0-beta.6.tgz",
      "integrity": "sha1-y23EbW3f7f7vybFdr9CcNKQ3DSM="
    },
    "systemjs": {
      "version": "0.19.26",
      "resolved": "https://registry.npmjs.org/systemjs/-/systemjs-0.19.26.tgz",
      "integrity": "sha1-bMPm4IxgqwejLrI2FtFKtclqQ+E=",
      "requires": {
        "when": "3.7.8"
      }
    },
    "when": {
      "version": "3.7.8",
      "resolved": "https://registry.npmjs.org/when/-/when-3.7.8.tgz",
      "integrity": "sha1-xxMLan6gRpPoQs3J56Hyqjmjn4I="
    },
    "zone.js": {
      "version": "0.6.12",
      "resolved": "https://registry.npmjs.org/zone.js/-/zone.js-0.6.12.tgz",
      "integrity": "sha1-NGqoP05Qk/uYsxwkH02u2SkKzO4="
    }
  }
}
